
Microsoft Visual Studio Solution File, Format Version 12.00
# Visual Studio Version 16
VisualStudioVersion = 16.0.30225.117
MinimumVisualStudioVersion = 10.0.40219.1
Project("{FAE04EC0-301F-11D3-BF4B-00C04F79EFBC}") = "SEDC.AspNet.Homework.Class02.App", "SEDC.AspNet.Homework.Class02.App\SEDC.AspNet.Homework.Class02.App.csproj", "{35868739-AD2F-45C8-8550-4B186F4BFF1E}"
EndProject
Global
	GlobalSection(SolutionConfigurationPlatforms) = preSolution
		Debug|Any CPU = Debug|Any CPU
		Release|Any CPU = Release|Any CPU
	EndGlobalSection
	GlobalSection(ProjectConfigurationPlatforms) = postSolution
		{35868739-AD2F-45C8-8550-4B186F4BFF1E}.Debug|Any CPU.ActiveCfg = Debug|Any CPU
		{35868739-AD2F-45C8-8550-4B186F4BFF1E}.Debug|Any CPU.Build.0 = Debug|Any CPU
		{35868739-AD2F-45C8-8550-4B186F4BFF1E}.Release|Any CPU.ActiveCfg = Release|Any CPU
		{35868739-AD2F-45C8-8550-4B186F4BFF1E}.Release|Any CPU.Build.0 = Release|Any CPU
	EndGlobalSection
	GlobalSection(SolutionProperties) = preSolution
		HideSolutionNode = FALSE
	EndGlobalSection
	GlobalSection(ExtensibilityGlobals) = postSolution
		SolutionGuid = {96FEB677-5414-4D64-B04F-E8AD6FBFC0C7}
	EndGlobalSection
EndGlobal
