
Microsoft Visual Studio Solution File, Format Version 12.00
# Visual Studio Version 16
VisualStudioVersion = 16.0.30225.117
MinimumVisualStudioVersion = 10.0.40219.1
Project("{FAE04EC0-301F-11D3-BF4B-00C04F79EFBC}") = "SEDC.AspNet.Homework.Class04.App", "SEDC.AspNet.Homework.Class04.App\SEDC.AspNet.Homework.Class04.App.csproj", "{FE108F7D-630A-4F96-9703-445D187FA349}"
EndProject
Global
	GlobalSection(SolutionConfigurationPlatforms) = preSolution
		Debug|Any CPU = Debug|Any CPU
		Release|Any CPU = Release|Any CPU
	EndGlobalSection
	GlobalSection(ProjectConfigurationPlatforms) = postSolution
		{FE108F7D-630A-4F96-9703-445D187FA349}.Debug|Any CPU.ActiveCfg = Debug|Any CPU
		{FE108F7D-630A-4F96-9703-445D187FA349}.Debug|Any CPU.Build.0 = Debug|Any CPU
		{FE108F7D-630A-4F96-9703-445D187FA349}.Release|Any CPU.ActiveCfg = Release|Any CPU
		{FE108F7D-630A-4F96-9703-445D187FA349}.Release|Any CPU.Build.0 = Release|Any CPU
	EndGlobalSection
	GlobalSection(SolutionProperties) = preSolution
		HideSolutionNode = FALSE
	EndGlobalSection
	GlobalSection(ExtensibilityGlobals) = postSolution
		SolutionGuid = {5874856F-D2C8-4B16-BA85-1EAD141E5B48}
	EndGlobalSection
EndGlobal
