
Microsoft Visual Studio Solution File, Format Version 12.00
# Visual Studio Version 16
VisualStudioVersion = 16.0.30907.101
MinimumVisualStudioVersion = 10.0.40219.1
Project("{9A19103F-16F7-4668-BE54-9A1E7A4F7556}") = "BookListRazor", "BookListRazor\BookListRazor.csproj", "{493FDD83-0B48-4321-8AEA-924933EDA682}"
EndProject
Global
	GlobalSection(SolutionConfigurationPlatforms) = preSolution
		Debug|Any CPU = Debug|Any CPU
		Release|Any CPU = Release|Any CPU
	EndGlobalSection
	GlobalSection(ProjectConfigurationPlatforms) = postSolution
		{493FDD83-0B48-4321-8AEA-924933EDA682}.Debug|Any CPU.ActiveCfg = Debug|Any CPU
		{493FDD83-0B48-4321-8AEA-924933EDA682}.Debug|Any CPU.Build.0 = Debug|Any CPU
		{493FDD83-0B48-4321-8AEA-924933EDA682}.Release|Any CPU.ActiveCfg = Release|Any CPU
		{493FDD83-0B48-4321-8AEA-924933EDA682}.Release|Any CPU.Build.0 = Release|Any CPU
	EndGlobalSection
	GlobalSection(SolutionProperties) = preSolution
		HideSolutionNode = FALSE
	EndGlobalSection
	GlobalSection(ExtensibilityGlobals) = postSolution
		SolutionGuid = {E2E4A66C-A394-4BAA-8769-4A5E502D0C9A}
	EndGlobalSection
EndGlobal
